
Microsoft Visual Studio Solution File, Format Version 12.00
# Visual Studio 15
VisualStudioVersion = 15.0.27703.2035
MinimumVisualStudioVersion = 10.0.40219.1
Project("{9A19103F-16F7-4668-BE54-9A1E7A4F7556}") = "FeedbackManager", "FeedbackManager.csproj", "{B124CBDC-CF92-4504-8519-6FBCC4290700}"
EndProject
Project("{FAE04EC0-301F-11D3-BF4B-00C04F79EFBC}") = "FeedbackManager.DataAccessLayer", "..\FeedbackManager.DataAccessLayer\FeedbackManager.DataAccessLayer.csproj", "{168379E9-AE3A-4E8A-8D16-B38AD7329917}"
EndProject
Project("{FAE04EC0-301F-11D3-BF4B-00C04F79EFBC}") = "FeedbackManager.Shared", "..\FeedbackManager.Shared\FeedbackManager.Shared.csproj", "{5C22078F-6EB2-4C67-811A-480DE8BF1273}"
EndProject
Project("{FAE04EC0-301F-11D3-BF4B-00C04F79EFBC}") = "FeedbackManager.BusinessLayer", "..\FeedbackManager.BusinessLayer\FeedbackManager.BusinessLayer.csproj", "{58253C73-64CF-4667-8108-5CA667F3940E}"
EndProject
Global
	GlobalSection(SolutionConfigurationPlatforms) = preSolution
		Debug|Any CPU = Debug|Any CPU
		Release|Any CPU = Release|Any CPU
	EndGlobalSection
	GlobalSection(ProjectConfigurationPlatforms) = postSolution
		{B124CBDC-CF92-4504-8519-6FBCC4290700}.Debug|Any CPU.ActiveCfg = Debug|Any CPU
		{B124CBDC-CF92-4504-8519-6FBCC4290700}.Debug|Any CPU.Build.0 = Debug|Any CPU
		{B124CBDC-CF92-4504-8519-6FBCC4290700}.Release|Any CPU.ActiveCfg = Release|Any CPU
		{B124CBDC-CF92-4504-8519-6FBCC4290700}.Release|Any CPU.Build.0 = Release|Any CPU
		{168379E9-AE3A-4E8A-8D16-B38AD7329917}.Debug|Any CPU.ActiveCfg = Debug|Any CPU
		{168379E9-AE3A-4E8A-8D16-B38AD7329917}.Debug|Any CPU.Build.0 = Debug|Any CPU
		{168379E9-AE3A-4E8A-8D16-B38AD7329917}.Release|Any CPU.ActiveCfg = Release|Any CPU
		{168379E9-AE3A-4E8A-8D16-B38AD7329917}.Release|Any CPU.Build.0 = Release|Any CPU
		{5C22078F-6EB2-4C67-811A-480DE8BF1273}.Debug|Any CPU.ActiveCfg = Debug|Any CPU
		{5C22078F-6EB2-4C67-811A-480DE8BF1273}.Debug|Any CPU.Build.0 = Debug|Any CPU
		{5C22078F-6EB2-4C67-811A-480DE8BF1273}.Release|Any CPU.ActiveCfg = Release|Any CPU
		{5C22078F-6EB2-4C67-811A-480DE8BF1273}.Release|Any CPU.Build.0 = Release|Any CPU
		{58253C73-64CF-4667-8108-5CA667F3940E}.Debug|Any CPU.ActiveCfg = Debug|Any CPU
		{58253C73-64CF-4667-8108-5CA667F3940E}.Debug|Any CPU.Build.0 = Debug|Any CPU
		{58253C73-64CF-4667-8108-5CA667F3940E}.Release|Any CPU.ActiveCfg = Release|Any CPU
		{58253C73-64CF-4667-8108-5CA667F3940E}.Release|Any CPU.Build.0 = Release|Any CPU
	EndGlobalSection
	GlobalSection(SolutionProperties) = preSolution
		HideSolutionNode = FALSE
	EndGlobalSection
	GlobalSection(ExtensibilityGlobals) = postSolution
		SolutionGuid = {B509EFC4-F646-4A39-B98D-29DCFBC126A2}
	EndGlobalSection
EndGlobal
